// !$*UTF8*$!
{
	archiveVersion = 1;
	classes = {
	};
	objectVersion = 55;
	objects = {

/* Begin PBXBuildFile section */
		FA1FDFF528FDAFB500095EDB /* MainTabBarController.swift in Sources */ = {isa = PBXBuildFile; fileRef = FA1FDFF428FDAFB500095EDB /* MainTabBarController.swift */; };
		FA1FDFFC28FDB6A400095EDB /* NewWorkoutViewController.swift in Sources */ = {isa = PBXBuildFile; fileRef = FA1FDFFB28FDB6A400095EDB /* NewWorkoutViewController.swift */; };
		FA1FDFFE28FEAA9F00095EDB /* DateAndRepeatView.swift in Sources */ = {isa = PBXBuildFile; fileRef = FA1FDFFD28FEAA9F00095EDB /* DateAndRepeatView.swift */; };
		FA30A91128F6E7850045D6ED /* WorkoutTableViewCell.swift in Sources */ = {isa = PBXBuildFile; fileRef = FA30A91028F6E7850045D6ED /* WorkoutTableViewCell.swift */; };
		FA30A91328F6EAB80045D6ED /* UIStackView + Extensions.swift in Sources */ = {isa = PBXBuildFile; fileRef = FA30A91228F6EAB80045D6ED /* UIStackView + Extensions.swift */; };
		FA3B0B5128F86D7B0067DBF1 /* StatisticView.swift in Sources */ = {isa = PBXBuildFile; fileRef = FA3B0B5028F86D7B0067DBF1 /* StatisticView.swift */; };
		FA3CE02F28F4504B00995BEF /* CalendarView.swift in Sources */ = {isa = PBXBuildFile; fileRef = FA3CE02E28F4504B00995BEF /* CalendarView.swift */; };
		FA3CE03128F48E3F00995BEF /* WeatherView.swift in Sources */ = {isa = PBXBuildFile; fileRef = FA3CE03028F48E3F00995BEF /* WeatherView.swift */; };
		FA433DD62901B2E200D89387 /* Realm in Frameworks */ = {isa = PBXBuildFile; productRef = FA433DD52901B2E200D89387 /* Realm */; };
		FA433DD82901B2E200D89387 /* RealmSwift in Frameworks */ = {isa = PBXBuildFile; productRef = FA433DD72901B2E200D89387 /* RealmSwift */; };
		FA433DDB2902C15C00D89387 /* SliderView.swift in Sources */ = {isa = PBXBuildFile; fileRef = FA433DDA2902C15C00D89387 /* SliderView.swift */; };
		FA433DE32902C45200D89387 /* GreenButton.swift in Sources */ = {isa = PBXBuildFile; fileRef = FA433DE22902C45200D89387 /* GreenButton.swift */; };
		FA433DE52902C45800D89387 /* CloseButton.swift in Sources */ = {isa = PBXBuildFile; fileRef = FA433DE42902C45800D89387 /* CloseButton.swift */; };
		FA433DE72902C45C00D89387 /* BrownTextField.swift in Sources */ = {isa = PBXBuildFile; fileRef = FA433DE62902C45C00D89387 /* BrownTextField.swift */; };
		FA433DE92902C46200D89387 /* GreenSlider.swift in Sources */ = {isa = PBXBuildFile; fileRef = FA433DE82902C46200D89387 /* GreenSlider.swift */; };
		FA433DEB2902C57A00D89387 /* NameView.swift in Sources */ = {isa = PBXBuildFile; fileRef = FA433DEA2902C57A00D89387 /* NameView.swift */; };
		FA433DEF2902C67900D89387 /* RepsOrTimerView.swift in Sources */ = {isa = PBXBuildFile; fileRef = FA433DEE2902C67900D89387 /* RepsOrTimerView.swift */; };
		FA433DF12902CCEA00D89387 /* Int + Extensions.swift in Sources */ = {isa = PBXBuildFile; fileRef = FA433DF02902CCEA00D89387 /* Int + Extensions.swift */; };
		FA433DF42902DCCD00D89387 /* WorkoutModel.swift in Sources */ = {isa = PBXBuildFile; fileRef = FA433DF32902DCCD00D89387 /* WorkoutModel.swift */; };
		FA433DF72902EC0600D89387 /* SliderType.swift in Sources */ = {isa = PBXBuildFile; fileRef = FA433DF62902EC0600D89387 /* SliderType.swift */; };
		FA433DF92902F85300D89387 /* Date.swift in Sources */ = {isa = PBXBuildFile; fileRef = FA433DF82902F85200D89387 /* Date.swift */; };
		FA433DFC290300B200D89387 /* RealmManager.swift in Sources */ = {isa = PBXBuildFile; fileRef = FA433DFB290300B200D89387 /* RealmManager.swift */; };
		FA4AB04B28F427AA00DBC757 /* AppDelegate.swift in Sources */ = {isa = PBXBuildFile; fileRef = FA4AB04A28F427AA00DBC757 /* AppDelegate.swift */; };
		FA4AB04D28F427AA00DBC757 /* SceneDelegate.swift in Sources */ = {isa = PBXBuildFile; fileRef = FA4AB04C28F427AA00DBC757 /* SceneDelegate.swift */; };
		FA4AB04F28F427AA00DBC757 /* MainViewController.swift in Sources */ = {isa = PBXBuildFile; fileRef = FA4AB04E28F427AA00DBC757 /* MainViewController.swift */; };
		FA4AB05428F427AC00DBC757 /* Assets.xcassets in Resources */ = {isa = PBXBuildFile; fileRef = FA4AB05328F427AC00DBC757 /* Assets.xcassets */; };
		FA4AB05728F427AC00DBC757 /* LaunchScreen.storyboard in Resources */ = {isa = PBXBuildFile; fileRef = FA4AB05528F427AC00DBC757 /* LaunchScreen.storyboard */; };
		FA4D51E528F59159001E698D /* Roboto-Medium.ttf in Resources */ = {isa = PBXBuildFile; fileRef = FA4D51E328F59159001E698D /* Roboto-Medium.ttf */; };
		FA4D51E628F59159001E698D /* Roboto-Bold.ttf in Resources */ = {isa = PBXBuildFile; fileRef = FA4D51E428F59159001E698D /* Roboto-Bold.ttf */; };
		FA4D51EA28F5930F001E698D /* UIView + Extensions.swift in Sources */ = {isa = PBXBuildFile; fileRef = FA4D51E928F5930F001E698D /* UIView + Extensions.swift */; };
		FA4D51EC28F594D3001E698D /* UIFont + Extensions.swift in Sources */ = {isa = PBXBuildFile; fileRef = FA4D51EB28F594D3001E698D /* UIFont + Extensions.swift */; };
		FA4D51EE28F5956A001E698D /* UIColor + Extensions.swift in Sources */ = {isa = PBXBuildFile; fileRef = FA4D51ED28F5956A001E698D /* UIColor + Extensions.swift */; };
		FA4D51F128F5CF51001E698D /* CalendarCollectionViewCell.swift in Sources */ = {isa = PBXBuildFile; fileRef = FA4D51F028F5CF51001E698D /* CalendarCollectionViewCell.swift */; };
		FA4D51F328F5EAE8001E698D /* YourNameTableView.swift in Sources */ = {isa = PBXBuildFile; fileRef = FA4D51F228F5EAE8001E698D /* YourNameTableView.swift */; };
		FA8AB35C28F96EF3001A3C85 /* ExercisesTable.swift in Sources */ = {isa = PBXBuildFile; fileRef = FA8AB35B28F96EF3001A3C85 /* ExercisesTable.swift */; };
		FA8AB35E28F9784C001A3C85 /* StatisticTableViewCell.swift in Sources */ = {isa = PBXBuildFile; fileRef = FA8AB35D28F9784C001A3C85 /* StatisticTableViewCell.swift */; };
		FA8AB36028F97972001A3C85 /* UILabel + Extensions.swift in Sources */ = {isa = PBXBuildFile; fileRef = FA8AB35F28F97972001A3C85 /* UILabel + Extensions.swift */; };
/* End PBXBuildFile section */

/* Begin PBXFileReference section */
		FA1FDFF428FDAFB500095EDB /* MainTabBarController.swift */ = {isa = PBXFileReference; lastKnownFileType = sourcecode.swift; path = MainTabBarController.swift; sourceTree = "<group>"; };
		FA1FDFFB28FDB6A400095EDB /* NewWorkoutViewController.swift */ = {isa = PBXFileReference; lastKnownFileType = sourcecode.swift; path = NewWorkoutViewController.swift; sourceTree = "<group>"; };
		FA1FDFFD28FEAA9F00095EDB /* DateAndRepeatView.swift */ = {isa = PBXFileReference; lastKnownFileType = sourcecode.swift; path = DateAndRepeatView.swift; sourceTree = "<group>"; };
		FA30A91028F6E7850045D6ED /* WorkoutTableViewCell.swift */ = {isa = PBXFileReference; lastKnownFileType = sourcecode.swift; path = WorkoutTableViewCell.swift; sourceTree = "<group>"; };
		FA30A91228F6EAB80045D6ED /* UIStackView + Extensions.swift */ = {isa = PBXFileReference; lastKnownFileType = sourcecode.swift; path = "UIStackView + Extensions.swift"; sourceTree = "<group>"; };
		FA3B0B5028F86D7B0067DBF1 /* StatisticView.swift */ = {isa = PBXFileReference; lastKnownFileType = sourcecode.swift; path = StatisticView.swift; sourceTree = "<group>"; };
		FA3CE02E28F4504B00995BEF /* CalendarView.swift */ = {isa = PBXFileReference; lastKnownFileType = sourcecode.swift; path = CalendarView.swift; sourceTree = "<group>"; };
		FA3CE03028F48E3F00995BEF /* WeatherView.swift */ = {isa = PBXFileReference; lastKnownFileType = sourcecode.swift; path = WeatherView.swift; sourceTree = "<group>"; };
		FA433DDA2902C15C00D89387 /* SliderView.swift */ = {isa = PBXFileReference; fileEncoding = 4; lastKnownFileType = sourcecode.swift; path = SliderView.swift; sourceTree = "<group>"; };
		FA433DE22902C45200D89387 /* GreenButton.swift */ = {isa = PBXFileReference; fileEncoding = 4; lastKnownFileType = sourcecode.swift; path = GreenButton.swift; sourceTree = "<group>"; };
		FA433DE42902C45800D89387 /* CloseButton.swift */ = {isa = PBXFileReference; fileEncoding = 4; lastKnownFileType = sourcecode.swift; path = CloseButton.swift; sourceTree = "<group>"; };
		FA433DE62902C45C00D89387 /* BrownTextField.swift */ = {isa = PBXFileReference; fileEncoding = 4; lastKnownFileType = sourcecode.swift; path = BrownTextField.swift; sourceTree = "<group>"; };
		FA433DE82902C46200D89387 /* GreenSlider.swift */ = {isa = PBXFileReference; fileEncoding = 4; lastKnownFileType = sourcecode.swift; path = GreenSlider.swift; sourceTree = "<group>"; };
		FA433DEA2902C57A00D89387 /* NameView.swift */ = {isa = PBXFileReference; fileEncoding = 4; lastKnownFileType = sourcecode.swift; path = NameView.swift; sourceTree = "<group>"; };
		FA433DEE2902C67900D89387 /* RepsOrTimerView.swift */ = {isa = PBXFileReference; fileEncoding = 4; lastKnownFileType = sourcecode.swift; path = RepsOrTimerView.swift; sourceTree = "<group>"; };
		FA433DF02902CCEA00D89387 /* Int + Extensions.swift */ = {isa = PBXFileReference; lastKnownFileType = sourcecode.swift; path = "Int + Extensions.swift"; sourceTree = "<group>"; };
		FA433DF32902DCCD00D89387 /* WorkoutModel.swift */ = {isa = PBXFileReference; lastKnownFileType = sourcecode.swift; path = WorkoutModel.swift; sourceTree = "<group>"; };
		FA433DF62902EC0600D89387 /* SliderType.swift */ = {isa = PBXFileReference; lastKnownFileType = sourcecode.swift; path = SliderType.swift; sourceTree = "<group>"; };
		FA433DF82902F85200D89387 /* Date.swift */ = {isa = PBXFileReference; lastKnownFileType = sourcecode.swift; path = Date.swift; sourceTree = "<group>"; };
		FA433DFB290300B200D89387 /* RealmManager.swift */ = {isa = PBXFileReference; lastKnownFileType = sourcecode.swift; path = RealmManager.swift; sourceTree = "<group>"; };
		FA4AB04728F427AA00DBC757 /* BodyControl.app */ = {isa = PBXFileReference; explicitFileType = wrapper.application; includeInIndex = 0; path = BodyControl.app; sourceTree = BUILT_PRODUCTS_DIR; };
		FA4AB04A28F427AA00DBC757 /* AppDelegate.swift */ = {isa = PBXFileReference; lastKnownFileType = sourcecode.swift; path = AppDelegate.swift; sourceTree = "<group>"; };
		FA4AB04C28F427AA00DBC757 /* SceneDelegate.swift */ = {isa = PBXFileReference; lastKnownFileType = sourcecode.swift; path = SceneDelegate.swift; sourceTree = "<group>"; };
		FA4AB04E28F427AA00DBC757 /* MainViewController.swift */ = {isa = PBXFileReference; lastKnownFileType = sourcecode.swift; path = MainViewController.swift; sourceTree = "<group>"; };
		FA4AB05328F427AC00DBC757 /* Assets.xcassets */ = {isa = PBXFileReference; lastKnownFileType = folder.assetcatalog; path = Assets.xcassets; sourceTree = "<group>"; };
		FA4AB05628F427AC00DBC757 /* Base */ = {isa = PBXFileReference; lastKnownFileType = file.storyboard; name = Base; path = Base.lproj/LaunchScreen.storyboard; sourceTree = "<group>"; };
		FA4AB05828F427AC00DBC757 /* Info.plist */ = {isa = PBXFileReference; lastKnownFileType = text.plist.xml; path = Info.plist; sourceTree = "<group>"; };
		FA4D51E328F59159001E698D /* Roboto-Medium.ttf */ = {isa = PBXFileReference; lastKnownFileType = file; path = "Roboto-Medium.ttf"; sourceTree = "<group>"; };
		FA4D51E428F59159001E698D /* Roboto-Bold.ttf */ = {isa = PBXFileReference; lastKnownFileType = file; path = "Roboto-Bold.ttf"; sourceTree = "<group>"; };
		FA4D51E928F5930F001E698D /* UIView + Extensions.swift */ = {isa = PBXFileReference; lastKnownFileType = sourcecode.swift; path = "UIView + Extensions.swift"; sourceTree = "<group>"; };
		FA4D51EB28F594D3001E698D /* UIFont + Extensions.swift */ = {isa = PBXFileReference; fileEncoding = 4; lastKnownFileType = sourcecode.swift; path = "UIFont + Extensions.swift"; sourceTree = "<group>"; };
		FA4D51ED28F5956A001E698D /* UIColor + Extensions.swift */ = {isa = PBXFileReference; fileEncoding = 4; lastKnownFileType = sourcecode.swift; path = "UIColor + Extensions.swift"; sourceTree = "<group>"; };
		FA4D51F028F5CF51001E698D /* CalendarCollectionViewCell.swift */ = {isa = PBXFileReference; lastKnownFileType = sourcecode.swift; path = CalendarCollectionViewCell.swift; sourceTree = "<group>"; };
		FA4D51F228F5EAE8001E698D /* YourNameTableView.swift */ = {isa = PBXFileReference; lastKnownFileType = sourcecode.swift; path = YourNameTableView.swift; sourceTree = "<group>"; };
		FA8AB35B28F96EF3001A3C85 /* ExercisesTable.swift */ = {isa = PBXFileReference; lastKnownFileType = sourcecode.swift; path = ExercisesTable.swift; sourceTree = "<group>"; };
		FA8AB35D28F9784C001A3C85 /* StatisticTableViewCell.swift */ = {isa = PBXFileReference; fileEncoding = 4; lastKnownFileType = sourcecode.swift; path = StatisticTableViewCell.swift; sourceTree = "<group>"; };
		FA8AB35F28F97972001A3C85 /* UILabel + Extensions.swift */ = {isa = PBXFileReference; fileEncoding = 4; lastKnownFileType = sourcecode.swift; path = "UILabel + Extensions.swift"; sourceTree = "<group>"; };
/* End PBXFileReference section */

/* Begin PBXFrameworksBuildPhase section */
		FA4AB04428F427AA00DBC757 /* Frameworks */ = {
			isa = PBXFrameworksBuildPhase;
			buildActionMask = 2147483647;
			files = (
				FA433DD82901B2E200D89387 /* RealmSwift in Frameworks */,
				FA433DD62901B2E200D89387 /* Realm in Frameworks */,
			);
			runOnlyForDeploymentPostprocessing = 0;
		};
/* End PBXFrameworksBuildPhase section */

/* Begin PBXGroup section */
		FA1FDFF328FDAF8E00095EDB /* NavigationModule */ = {
			isa = PBXGroup;
			children = (
				FA1FDFF428FDAFB500095EDB /* MainTabBarController.swift */,
			);
			path = NavigationModule;
			sourceTree = "<group>";
		};
		FA1FDFF828FDB60900095EDB /* NewWorkoutModule */ = {
			isa = PBXGroup;
			children = (
				FA433DF52902EBF100D89387 /* Model */,
				FA1FDFFA28FDB67900095EDB /* Controllers */,
				FA1FDFF928FDB67100095EDB /* Views */,
			);
			path = NewWorkoutModule;
			sourceTree = "<group>";
		};
		FA1FDFF928FDB67100095EDB /* Views */ = {
			isa = PBXGroup;
			children = (
				FA433DD92902C14100D89387 /* Subviews */,
				FA1FDFFD28FEAA9F00095EDB /* DateAndRepeatView.swift */,
				FA433DEA2902C57A00D89387 /* NameView.swift */,
				FA433DEE2902C67900D89387 /* RepsOrTimerView.swift */,
			);
			path = Views;
			sourceTree = "<group>";
		};
		FA1FDFFA28FDB67900095EDB /* Controllers */ = {
			isa = PBXGroup;
			children = (
				FA1FDFFB28FDB6A400095EDB /* NewWorkoutViewController.swift */,
			);
			path = Controllers;
			sourceTree = "<group>";
		};
		FA3B0B4F28F86D5D0067DBF1 /* StatisticsModule */ = {
			isa = PBXGroup;
			children = (
				FA8AB35A28F96E69001A3C85 /* Views */,
				FA3B0B5028F86D7B0067DBF1 /* StatisticView.swift */,
			);
			path = StatisticsModule;
			sourceTree = "<group>";
		};
		FA3CE02928F4496E00995BEF /* Application */ = {
			isa = PBXGroup;
			children = (
				FA4AB04A28F427AA00DBC757 /* AppDelegate.swift */,
				FA4AB04C28F427AA00DBC757 /* SceneDelegate.swift */,
			);
			path = Application;
			sourceTree = "<group>";
		};
		FA3CE02A28F4499500995BEF /* Resources */ = {
			isa = PBXGroup;
			children = (
				FA4D51E228F5910B001E698D /* Fonts */,
				FA4AB05828F427AC00DBC757 /* Info.plist */,
				FA4AB05528F427AC00DBC757 /* LaunchScreen.storyboard */,
				FA4AB05328F427AC00DBC757 /* Assets.xcassets */,
			);
			path = Resources;
			sourceTree = "<group>";
		};
		FA3CE02B28F449B300995BEF /* MainModule */ = {
			isa = PBXGroup;
			children = (
				FA433DF22902DCB600D89387 /* Models */,
				FA3CE02D28F449D400995BEF /* Controllers */,
				FA3CE02C28F449CC00995BEF /* Views */,
			);
			path = MainModule;
			sourceTree = "<group>";
		};
		FA3CE02C28F449CC00995BEF /* Views */ = {
			isa = PBXGroup;
			children = (
				FA4D51EF28F5CF34001E698D /* Cell */,
				FA3CE02E28F4504B00995BEF /* CalendarView.swift */,
				FA3CE03028F48E3F00995BEF /* WeatherView.swift */,
				FA4D51F228F5EAE8001E698D /* YourNameTableView.swift */,
			);
			path = Views;
			sourceTree = "<group>";
		};
		FA3CE02D28F449D400995BEF /* Controllers */ = {
			isa = PBXGroup;
			children = (
				FA4AB04E28F427AA00DBC757 /* MainViewController.swift */,
			);
			path = Controllers;
			sourceTree = "<group>";
		};
		FA433DD92902C14100D89387 /* Subviews */ = {
			isa = PBXGroup;
			children = (
				FA433DDA2902C15C00D89387 /* SliderView.swift */,
			);
			path = Subviews;
			sourceTree = "<group>";
		};
		FA433DE12902C44200D89387 /* Unique */ = {
			isa = PBXGroup;
			children = (
				FA433DE42902C45800D89387 /* CloseButton.swift */,
				FA433DE22902C45200D89387 /* GreenButton.swift */,
				FA433DE62902C45C00D89387 /* BrownTextField.swift */,
				FA433DE82902C46200D89387 /* GreenSlider.swift */,
			);
			path = Unique;
			sourceTree = "<group>";
		};
		FA433DF22902DCB600D89387 /* Models */ = {
			isa = PBXGroup;
			children = (
				FA433DF32902DCCD00D89387 /* WorkoutModel.swift */,
			);
			path = Models;
			sourceTree = "<group>";
		};
		FA433DF52902EBF100D89387 /* Model */ = {
			isa = PBXGroup;
			children = (
				FA433DF62902EC0600D89387 /* SliderType.swift */,
			);
			path = Model;
			sourceTree = "<group>";
		};
		FA433DFA2903009400D89387 /* Service */ = {
			isa = PBXGroup;
			children = (
				FA433DFB290300B200D89387 /* RealmManager.swift */,
			);
			path = Service;
			sourceTree = "<group>";
		};
		FA4AB03E28F427AA00DBC757 = {
			isa = PBXGroup;
			children = (
				FA4AB04928F427AA00DBC757 /* BodyControl */,
				FA4AB04828F427AA00DBC757 /* Products */,
			);
			sourceTree = "<group>";
		};
		FA4AB04828F427AA00DBC757 /* Products */ = {
			isa = PBXGroup;
			children = (
				FA4AB04728F427AA00DBC757 /* BodyControl.app */,
			);
			name = Products;
			sourceTree = "<group>";
		};
		FA4AB04928F427AA00DBC757 /* BodyControl */ = {
			isa = PBXGroup;
			children = (
				FA433DFA2903009400D89387 /* Service */,
				FA3CE02928F4496E00995BEF /* Application */,
				FA1FDFF328FDAF8E00095EDB /* NavigationModule */,
				FA3CE02B28F449B300995BEF /* MainModule */,
				FA1FDFF828FDB60900095EDB /* NewWorkoutModule */,
				FA3B0B4F28F86D5D0067DBF1 /* StatisticsModule */,
				FA4D51E728F592D0001E698D /* Extensions */,
				FA3CE02A28F4499500995BEF /* Resources */,
			);
			path = BodyControl;
			sourceTree = "<group>";
		};
		FA4D51E228F5910B001E698D /* Fonts */ = {
			isa = PBXGroup;
			children = (
				FA4D51E428F59159001E698D /* Roboto-Bold.ttf */,
				FA4D51E328F59159001E698D /* Roboto-Medium.ttf */,
			);
			path = Fonts;
			sourceTree = "<group>";
		};
		FA4D51E728F592D0001E698D /* Extensions */ = {
			isa = PBXGroup;
			children = (
				FA433DE12902C44200D89387 /* Unique */,
				FA4D51E828F592E6001E698D /* UIKit */,
				FA433DF02902CCEA00D89387 /* Int + Extensions.swift */,
				FA433DF82902F85200D89387 /* Date.swift */,
			);
			path = Extensions;
			sourceTree = "<group>";
		};
		FA4D51E828F592E6001E698D /* UIKit */ = {
			isa = PBXGroup;
			children = (
				FA4D51ED28F5956A001E698D /* UIColor + Extensions.swift */,
				FA4D51EB28F594D3001E698D /* UIFont + Extensions.swift */,
				FA4D51E928F5930F001E698D /* UIView + Extensions.swift */,
				FA30A91228F6EAB80045D6ED /* UIStackView + Extensions.swift */,
				FA8AB35F28F97972001A3C85 /* UILabel + Extensions.swift */,
			);
			path = UIKit;
			sourceTree = "<group>";
		};
		FA4D51EF28F5CF34001E698D /* Cell */ = {
			isa = PBXGroup;
			children = (
				FA4D51F028F5CF51001E698D /* CalendarCollectionViewCell.swift */,
				FA30A91028F6E7850045D6ED /* WorkoutTableViewCell.swift */,
			);
			path = Cell;
			sourceTree = "<group>";
		};
		FA8AB35A28F96E69001A3C85 /* Views */ = {
			isa = PBXGroup;
			children = (
				FA8AB35D28F9784C001A3C85 /* StatisticTableViewCell.swift */,
				FA8AB35B28F96EF3001A3C85 /* ExercisesTable.swift */,
			);
			path = Views;
			sourceTree = "<group>";
		};
/* End PBXGroup section */

/* Begin PBXNativeTarget section */
		FA4AB04628F427AA00DBC757 /* BodyControl */ = {
			isa = PBXNativeTarget;
			buildConfigurationList = FA4AB05B28F427AC00DBC757 /* Build configuration list for PBXNativeTarget "BodyControl" */;
			buildPhases = (
				FA4AB04328F427AA00DBC757 /* Sources */,
				FA4AB04428F427AA00DBC757 /* Frameworks */,
				FA4AB04528F427AA00DBC757 /* Resources */,
			);
			buildRules = (
			);
			dependencies = (
			);
			name = BodyControl;
			packageProductDependencies = (
				FA433DD52901B2E200D89387 /* Realm */,
				FA433DD72901B2E200D89387 /* RealmSwift */,
			);
			productName = BodyControl;
			productReference = FA4AB04728F427AA00DBC757 /* BodyControl.app */;
			productType = "com.apple.product-type.application";
		};
/* End PBXNativeTarget section */

/* Begin PBXProject section */
		FA4AB03F28F427AA00DBC757 /* Project object */ = {
			isa = PBXProject;
			attributes = {
				BuildIndependentTargetsInParallel = 1;
				LastSwiftUpdateCheck = 1340;
				LastUpgradeCheck = 1340;
				TargetAttributes = {
					FA4AB04628F427AA00DBC757 = {
						CreatedOnToolsVersion = 13.4.1;
					};
				};
			};
			buildConfigurationList = FA4AB04228F427AA00DBC757 /* Build configuration list for PBXProject "BodyControl" */;
			compatibilityVersion = "Xcode 13.0";
			developmentRegion = en;
			hasScannedForEncodings = 0;
			knownRegions = (
				en,
				Base,
			);
			mainGroup = FA4AB03E28F427AA00DBC757;
			packageReferences = (
				FA433DD42901B2E200D89387 /* XCRemoteSwiftPackageReference "realm-swift" */,
			);
			productRefGroup = FA4AB04828F427AA00DBC757 /* Products */;
			projectDirPath = "";
			projectRoot = "";
			targets = (
				FA4AB04628F427AA00DBC757 /* BodyControl */,
			);
		};
/* End PBXProject section */

/* Begin PBXResourcesBuildPhase section */
		FA4AB04528F427AA00DBC757 /* Resources */ = {
			isa = PBXResourcesBuildPhase;
			buildActionMask = 2147483647;
			files = (
				FA4AB05728F427AC00DBC757 /* LaunchScreen.storyboard in Resources */,
				FA4AB05428F427AC00DBC757 /* Assets.xcassets in Resources */,
				FA4D51E628F59159001E698D /* Roboto-Bold.ttf in Resources */,
				FA4D51E528F59159001E698D /* Roboto-Medium.ttf in Resources */,
			);
			runOnlyForDeploymentPostprocessing = 0;
		};
/* End PBXResourcesBuildPhase section */

/* Begin PBXSourcesBuildPhase section */
		FA4AB04328F427AA00DBC757 /* Sources */ = {
			isa = PBXSourcesBuildPhase;
			buildActionMask = 2147483647;
			files = (
				FA3CE03128F48E3F00995BEF /* WeatherView.swift in Sources */,
				FA433DF92902F85300D89387 /* Date.swift in Sources */,
				FA433DEF2902C67900D89387 /* RepsOrTimerView.swift in Sources */,
				FA4D51F328F5EAE8001E698D /* YourNameTableView.swift in Sources */,
				FA433DF12902CCEA00D89387 /* Int + Extensions.swift in Sources */,
				FA4D51EC28F594D3001E698D /* UIFont + Extensions.swift in Sources */,
				FA4AB04F28F427AA00DBC757 /* MainViewController.swift in Sources */,
				FA30A91128F6E7850045D6ED /* WorkoutTableViewCell.swift in Sources */,
				FA4AB04B28F427AA00DBC757 /* AppDelegate.swift in Sources */,
				FA433DDB2902C15C00D89387 /* SliderView.swift in Sources */,
				FA3CE02F28F4504B00995BEF /* CalendarView.swift in Sources */,
				FA433DE72902C45C00D89387 /* BrownTextField.swift in Sources */,
				FA30A91328F6EAB80045D6ED /* UIStackView + Extensions.swift in Sources */,
				FA3B0B5128F86D7B0067DBF1 /* StatisticView.swift in Sources */,
				FA4D51EE28F5956A001E698D /* UIColor + Extensions.swift in Sources */,
				FA433DE52902C45800D89387 /* CloseButton.swift in Sources */,
				FA433DEB2902C57A00D89387 /* NameView.swift in Sources */,
				FA4D51F128F5CF51001E698D /* CalendarCollectionViewCell.swift in Sources */,
				FA433DF42902DCCD00D89387 /* WorkoutModel.swift in Sources */,
				FA8AB35E28F9784C001A3C85 /* StatisticTableViewCell.swift in Sources */,
				FA433DE32902C45200D89387 /* GreenButton.swift in Sources */,
				FA433DE92902C46200D89387 /* GreenSlider.swift in Sources */,
				FA4D51EA28F5930F001E698D /* UIView + Extensions.swift in Sources */,
				FA8AB35C28F96EF3001A3C85 /* ExercisesTable.swift in Sources */,
				FA8AB36028F97972001A3C85 /* UILabel + Extensions.swift in Sources */,
				FA433DFC290300B200D89387 /* RealmManager.swift in Sources */,
				FA1FDFFC28FDB6A400095EDB /* NewWorkoutViewController.swift in Sources */,
				FA4AB04D28F427AA00DBC757 /* SceneDelegate.swift in Sources */,
				FA433DF72902EC0600D89387 /* SliderType.swift in Sources */,
				FA1FDFFE28FEAA9F00095EDB /* DateAndRepeatView.swift in Sources */,
				FA1FDFF528FDAFB500095EDB /* MainTabBarController.swift in Sources */,
			);
			runOnlyForDeploymentPostprocessing = 0;
		};
/* End PBXSourcesBuildPhase section */

/* Begin PBXVariantGroup section */
		FA4AB05528F427AC00DBC757 /* LaunchScreen.storyboard */ = {
			isa = PBXVariantGroup;
			children = (
				FA4AB05628F427AC00DBC757 /* Base */,
			);
			name = LaunchScreen.storyboard;
			sourceTree = "<group>";
		};
/* End PBXVariantGroup section */

/* Begin XCBuildConfiguration section */
		FA4AB05928F427AC00DBC757 /* Debug */ = {
			isa = XCBuildConfiguration;
			buildSettings = {
				ALWAYS_SEARCH_USER_PATHS = NO;
				CLANG_ANALYZER_NONNULL = YES;
				CLANG_ANALYZER_NUMBER_OBJECT_CONVERSION = YES_AGGRESSIVE;
				CLANG_CXX_LANGUAGE_STANDARD = "gnu++17";
				CLANG_ENABLE_MODULES = YES;
				CLANG_ENABLE_OBJC_ARC = YES;
				CLANG_ENABLE_OBJC_WEAK = YES;
				CLANG_WARN_BLOCK_CAPTURE_AUTORELEASING = YES;
				CLANG_WARN_BOOL_CONVERSION = YES;
				CLANG_WARN_COMMA = YES;
				CLANG_WARN_CONSTANT_CONVERSION = YES;
				CLANG_WARN_DEPRECATED_OBJC_IMPLEMENTATIONS = YES;
				CLANG_WARN_DIRECT_OBJC_ISA_USAGE = YES_ERROR;
				CLANG_WARN_DOCUMENTATION_COMMENTS = YES;
				CLANG_WARN_EMPTY_BODY = YES;
				CLANG_WARN_ENUM_CONVERSION = YES;
				CLANG_WARN_INFINITE_RECURSION = YES;
				CLANG_WARN_INT_CONVERSION = YES;
				CLANG_WARN_NON_LITERAL_NULL_CONVERSION = YES;
				CLANG_WARN_OBJC_IMPLICIT_RETAIN_SELF = YES;
				CLANG_WARN_OBJC_LITERAL_CONVERSION = YES;
				CLANG_WARN_OBJC_ROOT_CLASS = YES_ERROR;
				CLANG_WARN_QUOTED_INCLUDE_IN_FRAMEWORK_HEADER = YES;
				CLANG_WARN_RANGE_LOOP_ANALYSIS = YES;
				CLANG_WARN_STRICT_PROTOTYPES = YES;
				CLANG_WARN_SUSPICIOUS_MOVE = YES;
				CLANG_WARN_UNGUARDED_AVAILABILITY = YES_AGGRESSIVE;
				CLANG_WARN_UNREACHABLE_CODE = YES;
				CLANG_WARN__DUPLICATE_METHOD_MATCH = YES;
				COPY_PHASE_STRIP = NO;
				DEBUG_INFORMATION_FORMAT = dwarf;
				ENABLE_STRICT_OBJC_MSGSEND = YES;
				ENABLE_TESTABILITY = YES;
				GCC_C_LANGUAGE_STANDARD = gnu11;
				GCC_DYNAMIC_NO_PIC = NO;
				GCC_NO_COMMON_BLOCKS = YES;
				GCC_OPTIMIZATION_LEVEL = 0;
				GCC_PREPROCESSOR_DEFINITIONS = (
					"DEBUG=1",
					"$(inherited)",
				);
				GCC_WARN_64_TO_32_BIT_CONVERSION = YES;
				GCC_WARN_ABOUT_RETURN_TYPE = YES_ERROR;
				GCC_WARN_UNDECLARED_SELECTOR = YES;
				GCC_WARN_UNINITIALIZED_AUTOS = YES_AGGRESSIVE;
				GCC_WARN_UNUSED_FUNCTION = YES;
				GCC_WARN_UNUSED_VARIABLE = YES;
				IPHONEOS_DEPLOYMENT_TARGET = 13.0;
				MTL_ENABLE_DEBUG_INFO = INCLUDE_SOURCE;
				MTL_FAST_MATH = YES;
				ONLY_ACTIVE_ARCH = YES;
				SDKROOT = iphoneos;
				SWIFT_ACTIVE_COMPILATION_CONDITIONS = DEBUG;
				SWIFT_OPTIMIZATION_LEVEL = "-Onone";
			};
			name = Debug;
		};
		FA4AB05A28F427AC00DBC757 /* Release */ = {
			isa = XCBuildConfiguration;
			buildSettings = {
				ALWAYS_SEARCH_USER_PATHS = NO;
				CLANG_ANALYZER_NONNULL = YES;
				CLANG_ANALYZER_NUMBER_OBJECT_CONVERSION = YES_AGGRESSIVE;
				CLANG_CXX_LANGUAGE_STANDARD = "gnu++17";
				CLANG_ENABLE_MODULES = YES;
				CLANG_ENABLE_OBJC_ARC = YES;
				CLANG_ENABLE_OBJC_WEAK = YES;
				CLANG_WARN_BLOCK_CAPTURE_AUTORELEASING = YES;
				CLANG_WARN_BOOL_CONVERSION = YES;
				CLANG_WARN_COMMA = YES;
				CLANG_WARN_CONSTANT_CONVERSION = YES;
				CLANG_WARN_DEPRECATED_OBJC_IMPLEMENTATIONS = YES;
				CLANG_WARN_DIRECT_OBJC_ISA_USAGE = YES_ERROR;
				CLANG_WARN_DOCUMENTATION_COMMENTS = YES;
				CLANG_WARN_EMPTY_BODY = YES;
				CLANG_WARN_ENUM_CONVERSION = YES;
				CLANG_WARN_INFINITE_RECURSION = YES;
				CLANG_WARN_INT_CONVERSION = YES;
				CLANG_WARN_NON_LITERAL_NULL_CONVERSION = YES;
				CLANG_WARN_OBJC_IMPLICIT_RETAIN_SELF = YES;
				CLANG_WARN_OBJC_LITERAL_CONVERSION = YES;
				CLANG_WARN_OBJC_ROOT_CLASS = YES_ERROR;
				CLANG_WARN_QUOTED_INCLUDE_IN_FRAMEWORK_HEADER = YES;
				CLANG_WARN_RANGE_LOOP_ANALYSIS = YES;
				CLANG_WARN_STRICT_PROTOTYPES = YES;
				CLANG_WARN_SUSPICIOUS_MOVE = YES;
				CLANG_WARN_UNGUARDED_AVAILABILITY = YES_AGGRESSIVE;
				CLANG_WARN_UNREACHABLE_CODE = YES;
				CLANG_WARN__DUPLICATE_METHOD_MATCH = YES;
				COPY_PHASE_STRIP = NO;
				DEBUG_INFORMATION_FORMAT = "dwarf-with-dsym";
				ENABLE_NS_ASSERTIONS = NO;
				ENABLE_STRICT_OBJC_MSGSEND = YES;
				GCC_C_LANGUAGE_STANDARD = gnu11;
				GCC_NO_COMMON_BLOCKS = YES;
				GCC_WARN_64_TO_32_BIT_CONVERSION = YES;
				GCC_WARN_ABOUT_RETURN_TYPE = YES_ERROR;
				GCC_WARN_UNDECLARED_SELECTOR = YES;
				GCC_WARN_UNINITIALIZED_AUTOS = YES_AGGRESSIVE;
				GCC_WARN_UNUSED_FUNCTION = YES;
				GCC_WARN_UNUSED_VARIABLE = YES;
				IPHONEOS_DEPLOYMENT_TARGET = 13.0;
				MTL_ENABLE_DEBUG_INFO = NO;
				MTL_FAST_MATH = YES;
				SDKROOT = iphoneos;
				SWIFT_COMPILATION_MODE = wholemodule;
				SWIFT_OPTIMIZATION_LEVEL = "-O";
				VALIDATE_PRODUCT = YES;
			};
			name = Release;
		};
		FA4AB05C28F427AC00DBC757 /* Debug */ = {
			isa = XCBuildConfiguration;
			buildSettings = {
				ASSETCATALOG_COMPILER_APPICON_NAME = AppIcon;
				ASSETCATALOG_COMPILER_GLOBAL_ACCENT_COLOR_NAME = AccentColor;
				CODE_SIGN_STYLE = Automatic;
				CURRENT_PROJECT_VERSION = 1;
				DEVELOPMENT_TEAM = R25AD4MYJ7;
				GENERATE_INFOPLIST_FILE = YES;
				INFOPLIST_FILE = BodyControl/Resources/Info.plist;
				INFOPLIST_KEY_UIApplicationSupportsIndirectInputEvents = YES;
				INFOPLIST_KEY_UILaunchStoryboardName = LaunchScreen;
				INFOPLIST_KEY_UISupportedInterfaceOrientations = UIInterfaceOrientationPortrait;
				INFOPLIST_KEY_UISupportedInterfaceOrientations_iPad = "UIInterfaceOrientationLandscapeLeft UIInterfaceOrientationLandscapeRight UIInterfaceOrientationPortrait UIInterfaceOrientationPortraitUpsideDown";
				IPHONEOS_DEPLOYMENT_TARGET = 13.0;
				LD_RUNPATH_SEARCH_PATHS = (
					"$(inherited)",
					"@executable_path/Frameworks",
				);
				MARKETING_VERSION = 1.0;
				PRODUCT_BUNDLE_IDENTIFIER = senorAlex.BodyControl;
				PRODUCT_NAME = "$(TARGET_NAME)";
				SUPPORTED_PLATFORMS = "iphoneos iphonesimulator";
				SUPPORTS_MACCATALYST = NO;
				SUPPORTS_MAC_DESIGNED_FOR_IPHONE_IPAD = NO;
				SWIFT_EMIT_LOC_STRINGS = YES;
				SWIFT_VERSION = 5.0;
				TARGETED_DEVICE_FAMILY = 1;
			};
			name = Debug;
		};
		FA4AB05D28F427AC00DBC757 /* Release */ = {
			isa = XCBuildConfiguration;
			buildSettings = {
				ASSETCATALOG_COMPILER_APPICON_NAME = AppIcon;
				ASSETCATALOG_COMPILER_GLOBAL_ACCENT_COLOR_NAME = AccentColor;
				CODE_SIGN_STYLE = Automatic;
				CURRENT_PROJECT_VERSION = 1;
				DEVELOPMENT_TEAM = R25AD4MYJ7;
				GENERATE_INFOPLIST_FILE = YES;
				INFOPLIST_FILE = BodyControl/Resources/Info.plist;
				INFOPLIST_KEY_UIApplicationSupportsIndirectInputEvents = YES;
				INFOPLIST_KEY_UILaunchStoryboardName = LaunchScreen;
				INFOPLIST_KEY_UISupportedInterfaceOrientations = UIInterfaceOrientationPortrait;
				INFOPLIST_KEY_UISupportedInterfaceOrientations_iPad = "UIInterfaceOrientationLandscapeLeft UIInterfaceOrientationLandscapeRight UIInterfaceOrientationPortrait UIInterfaceOrientationPortraitUpsideDown";
				IPHONEOS_DEPLOYMENT_TARGET = 13.0;
				LD_RUNPATH_SEARCH_PATHS = (
					"$(inherited)",
					"@executable_path/Frameworks",
				);
				MARKETING_VERSION = 1.0;
				PRODUCT_BUNDLE_IDENTIFIER = senorAlex.BodyControl;
				PRODUCT_NAME = "$(TARGET_NAME)";
				SUPPORTED_PLATFORMS = "iphoneos iphonesimulator";
				SUPPORTS_MACCATALYST = NO;
				SUPPORTS_MAC_DESIGNED_FOR_IPHONE_IPAD = NO;
				SWIFT_EMIT_LOC_STRINGS = YES;
				SWIFT_VERSION = 5.0;
				TARGETED_DEVICE_FAMILY = 1;
			};
			name = Release;
		};
/* End XCBuildConfiguration section */

/* Begin XCConfigurationList section */
		FA4AB04228F427AA00DBC757 /* Build configuration list for PBXProject "BodyControl" */ = {
			isa = XCConfigurationList;
			buildConfigurations = (
				FA4AB05928F427AC00DBC757 /* Debug */,
				FA4AB05A28F427AC00DBC757 /* Release */,
			);
			defaultConfigurationIsVisible = 0;
			defaultConfigurationName = Release;
		};
		FA4AB05B28F427AC00DBC757 /* Build configuration list for PBXNativeTarget "BodyControl" */ = {
			isa = XCConfigurationList;
			buildConfigurations = (
				FA4AB05C28F427AC00DBC757 /* Debug */,
				FA4AB05D28F427AC00DBC757 /* Release */,
			);
			defaultConfigurationIsVisible = 0;
			defaultConfigurationName = Release;
		};
/* End XCConfigurationList section */

/* Begin XCRemoteSwiftPackageReference section */
		FA433DD42901B2E200D89387 /* XCRemoteSwiftPackageReference "realm-swift" */ = {
			isa = XCRemoteSwiftPackageReference;
			repositoryURL = "https://github.com/realm/realm-swift.git";
			requirement = {
				branch = master;
				kind = branch;
			};
		};
/* End XCRemoteSwiftPackageReference section */

/* Begin XCSwiftPackageProductDependency section */
		FA433DD52901B2E200D89387 /* Realm */ = {
			isa = XCSwiftPackageProductDependency;
			package = FA433DD42901B2E200D89387 /* XCRemoteSwiftPackageReference "realm-swift" */;
			productName = Realm;
		};
		FA433DD72901B2E200D89387 /* RealmSwift */ = {
			isa = XCSwiftPackageProductDependency;
			package = FA433DD42901B2E200D89387 /* XCRemoteSwiftPackageReference "realm-swift" */;
			productName = RealmSwift;
		};
/* End XCSwiftPackageProductDependency section */
	};
	rootObject = FA4AB03F28F427AA00DBC757 /* Project object */;
}
